
Microsoft Visual Studio Solution File, Format Version 12.00
# Visual Studio Version 17
VisualStudioVersion = 17.5.33516.290
MinimumVisualStudioVersion = 10.0.40219.1
Project("{9A19103F-16F7-4668-BE54-9A1E7A4F7556}") = "PackPlanner", "PackPlanner\PackPlanner.csproj", "{1C75CFF7-2508-428A-B4AA-FCFEDC1B3E8F}"
EndProject
Project("{FAE04EC0-301F-11D3-BF4B-00C04F79EFBC}") = "TestPackPlanner", "TestPackPlanner\TestPackPlanner.csproj", "{31E5736F-3356-4565-94A3-B3ED021D822D}"
EndProject
Global
	GlobalSection(SolutionConfigurationPlatforms) = preSolution
		Debug|Any CPU = Debug|Any CPU
		Release|Any CPU = Release|Any CPU
	EndGlobalSection
	GlobalSection(ProjectConfigurationPlatforms) = postSolution
		{1C75CFF7-2508-428A-B4AA-FCFEDC1B3E8F}.Debug|Any CPU.ActiveCfg = Debug|Any CPU
		{1C75CFF7-2508-428A-B4AA-FCFEDC1B3E8F}.Debug|Any CPU.Build.0 = Debug|Any CPU
		{1C75CFF7-2508-428A-B4AA-FCFEDC1B3E8F}.Release|Any CPU.ActiveCfg = Release|Any CPU
		{1C75CFF7-2508-428A-B4AA-FCFEDC1B3E8F}.Release|Any CPU.Build.0 = Release|Any CPU
		{31E5736F-3356-4565-94A3-B3ED021D822D}.Debug|Any CPU.ActiveCfg = Debug|Any CPU
		{31E5736F-3356-4565-94A3-B3ED021D822D}.Debug|Any CPU.Build.0 = Debug|Any CPU
		{31E5736F-3356-4565-94A3-B3ED021D822D}.Release|Any CPU.ActiveCfg = Release|Any CPU
		{31E5736F-3356-4565-94A3-B3ED021D822D}.Release|Any CPU.Build.0 = Release|Any CPU
	EndGlobalSection
	GlobalSection(SolutionProperties) = preSolution
		HideSolutionNode = FALSE
	EndGlobalSection
	GlobalSection(ExtensibilityGlobals) = postSolution
		SolutionGuid = {7F839F51-0638-4632-8A74-108711E1C85A}
	EndGlobalSection
EndGlobal
